
Microsoft Visual Studio Solution File, Format Version 12.00
# Visual Studio 15
Project("{FAE04EC0-301F-11D3-BF4B-00C04F79EFBC}") = "DemoUI.Android", "DemoUI.Android\DemoUI.Android.csproj", "{CAB6D779-4D1D-4084-B943-91B7E6B0AFF0}"
EndProject
Project("{FAE04EC0-301F-11D3-BF4B-00C04F79EFBC}") = "DemoUI.iOS", "DemoUI.iOS\DemoUI.iOS.csproj", "{A01F625D-A4E7-4F5E-9830-3A6AFC952921}"
EndProject
Project("{FAE04EC0-301F-11D3-BF4B-00C04F79EFBC}") = "DemoUI", "DemoUI\DemoUI.csproj", "{89DC6050-D629-4999-B2D2-3265D1033E49}"
EndProject
Global
	GlobalSection(SolutionConfigurationPlatforms) = preSolution
		Debug|Any CPU = Debug|Any CPU
		Release|Any CPU = Release|Any CPU
		Debug|iPhoneSimulator = Debug|iPhoneSimulator
		Release|iPhoneSimulator = Release|iPhoneSimulator
		Debug|iPhone = Debug|iPhone
		Release|iPhone = Release|iPhone
		Ad-Hoc|iPhone = Ad-Hoc|iPhone
		AppStore|iPhone = AppStore|iPhone
	EndGlobalSection
	GlobalSection(ProjectConfigurationPlatforms) = postSolution
		{CAB6D779-4D1D-4084-B943-91B7E6B0AFF0}.Debug|Any CPU.ActiveCfg = Debug|Any CPU
		{CAB6D779-4D1D-4084-B943-91B7E6B0AFF0}.Debug|Any CPU.Build.0 = Debug|Any CPU
		{CAB6D779-4D1D-4084-B943-91B7E6B0AFF0}.Release|Any CPU.ActiveCfg = Release|Any CPU
		{CAB6D779-4D1D-4084-B943-91B7E6B0AFF0}.Release|Any CPU.Build.0 = Release|Any CPU
		{CAB6D779-4D1D-4084-B943-91B7E6B0AFF0}.Debug|iPhoneSimulator.ActiveCfg = Debug|Any CPU
		{CAB6D779-4D1D-4084-B943-91B7E6B0AFF0}.Debug|iPhoneSimulator.Build.0 = Debug|Any CPU
		{CAB6D779-4D1D-4084-B943-91B7E6B0AFF0}.Release|iPhoneSimulator.ActiveCfg = Release|Any CPU
		{CAB6D779-4D1D-4084-B943-91B7E6B0AFF0}.Release|iPhoneSimulator.Build.0 = Release|Any CPU
		{CAB6D779-4D1D-4084-B943-91B7E6B0AFF0}.Debug|iPhone.ActiveCfg = Debug|Any CPU
		{CAB6D779-4D1D-4084-B943-91B7E6B0AFF0}.Debug|iPhone.Build.0 = Debug|Any CPU
		{CAB6D779-4D1D-4084-B943-91B7E6B0AFF0}.Release|iPhone.ActiveCfg = Release|Any CPU
		{CAB6D779-4D1D-4084-B943-91B7E6B0AFF0}.Release|iPhone.Build.0 = Release|Any CPU
		{CAB6D779-4D1D-4084-B943-91B7E6B0AFF0}.Ad-Hoc|iPhone.ActiveCfg = Debug|Any CPU
		{CAB6D779-4D1D-4084-B943-91B7E6B0AFF0}.Ad-Hoc|iPhone.Build.0 = Debug|Any CPU
		{CAB6D779-4D1D-4084-B943-91B7E6B0AFF0}.AppStore|iPhone.ActiveCfg = Debug|Any CPU
		{CAB6D779-4D1D-4084-B943-91B7E6B0AFF0}.AppStore|iPhone.Build.0 = Debug|Any CPU
		{A01F625D-A4E7-4F5E-9830-3A6AFC952921}.Debug|Any CPU.ActiveCfg = Debug|iPhoneSimulator
		{A01F625D-A4E7-4F5E-9830-3A6AFC952921}.Debug|Any CPU.Build.0 = Debug|iPhoneSimulator
		{A01F625D-A4E7-4F5E-9830-3A6AFC952921}.Release|Any CPU.ActiveCfg = Release|iPhoneSimulator
		{A01F625D-A4E7-4F5E-9830-3A6AFC952921}.Release|Any CPU.Build.0 = Release|iPhoneSimulator
		{A01F625D-A4E7-4F5E-9830-3A6AFC952921}.Debug|iPhoneSimulator.ActiveCfg = Debug|iPhoneSimulator
		{A01F625D-A4E7-4F5E-9830-3A6AFC952921}.Debug|iPhoneSimulator.Build.0 = Debug|iPhoneSimulator
		{A01F625D-A4E7-4F5E-9830-3A6AFC952921}.Release|iPhoneSimulator.ActiveCfg = Release|iPhoneSimulator
		{A01F625D-A4E7-4F5E-9830-3A6AFC952921}.Release|iPhoneSimulator.Build.0 = Release|iPhoneSimulator
		{A01F625D-A4E7-4F5E-9830-3A6AFC952921}.Debug|iPhone.ActiveCfg = Debug|iPhone
		{A01F625D-A4E7-4F5E-9830-3A6AFC952921}.Debug|iPhone.Build.0 = Debug|iPhone
		{A01F625D-A4E7-4F5E-9830-3A6AFC952921}.Release|iPhone.ActiveCfg = Release|iPhone
		{A01F625D-A4E7-4F5E-9830-3A6AFC952921}.Release|iPhone.Build.0 = Release|iPhone
		{A01F625D-A4E7-4F5E-9830-3A6AFC952921}.Ad-Hoc|iPhone.ActiveCfg = Ad-Hoc|iPhone
		{A01F625D-A4E7-4F5E-9830-3A6AFC952921}.Ad-Hoc|iPhone.Build.0 = Ad-Hoc|iPhone
		{A01F625D-A4E7-4F5E-9830-3A6AFC952921}.AppStore|iPhone.ActiveCfg = AppStore|iPhone
		{A01F625D-A4E7-4F5E-9830-3A6AFC952921}.AppStore|iPhone.Build.0 = AppStore|iPhone
		{89DC6050-D629-4999-B2D2-3265D1033E49}.Debug|Any CPU.ActiveCfg = Debug|Any CPU
		{89DC6050-D629-4999-B2D2-3265D1033E49}.Debug|Any CPU.Build.0 = Debug|Any CPU
		{89DC6050-D629-4999-B2D2-3265D1033E49}.Release|Any CPU.ActiveCfg = Release|Any CPU
		{89DC6050-D629-4999-B2D2-3265D1033E49}.Release|Any CPU.Build.0 = Release|Any CPU
		{89DC6050-D629-4999-B2D2-3265D1033E49}.Debug|iPhoneSimulator.ActiveCfg = Debug|Any CPU
		{89DC6050-D629-4999-B2D2-3265D1033E49}.Debug|iPhoneSimulator.Build.0 = Debug|Any CPU
		{89DC6050-D629-4999-B2D2-3265D1033E49}.Release|iPhoneSimulator.ActiveCfg = Release|Any CPU
		{89DC6050-D629-4999-B2D2-3265D1033E49}.Release|iPhoneSimulator.Build.0 = Release|Any CPU
		{89DC6050-D629-4999-B2D2-3265D1033E49}.Debug|iPhone.ActiveCfg = Debug|Any CPU
		{89DC6050-D629-4999-B2D2-3265D1033E49}.Debug|iPhone.Build.0 = Debug|Any CPU
		{89DC6050-D629-4999-B2D2-3265D1033E49}.Release|iPhone.ActiveCfg = Release|Any CPU
		{89DC6050-D629-4999-B2D2-3265D1033E49}.Release|iPhone.Build.0 = Release|Any CPU
		{89DC6050-D629-4999-B2D2-3265D1033E49}.Ad-Hoc|iPhone.ActiveCfg = Debug|Any CPU
		{89DC6050-D629-4999-B2D2-3265D1033E49}.Ad-Hoc|iPhone.Build.0 = Debug|Any CPU
		{89DC6050-D629-4999-B2D2-3265D1033E49}.AppStore|iPhone.ActiveCfg = Debug|Any CPU
		{89DC6050-D629-4999-B2D2-3265D1033E49}.AppStore|iPhone.Build.0 = Debug|Any CPU
	EndGlobalSection
EndGlobal
